// !$*UTF8*$!
{
	archiveVersion = 1;
	classes = {
	};
	objectVersion = 50;
	objects = {

/* Begin PBXBuildFile section */
		84A4093325C15A8500F85AEA /* AppDelegate.m in Sources */ = {isa = PBXBuildFile; fileRef = 84A4093225C15A8500F85AEA /* AppDelegate.m */; };
		84A4093625C15A8500F85AEA /* SceneDelegate.m in Sources */ = {isa = PBXBuildFile; fileRef = 84A4093525C15A8500F85AEA /* SceneDelegate.m */; };
		84A4093925C15A8500F85AEA /* ViewController.m in Sources */ = {isa = PBXBuildFile; fileRef = 84A4093825C15A8500F85AEA /* ViewController.m */; };
		84A4093C25C15A8500F85AEA /* Main.storyboard in Resources */ = {isa = PBXBuildFile; fileRef = 84A4093A25C15A8500F85AEA /* Main.storyboard */; };
		84A4093E25C15A8600F85AEA /* Assets.xcassets in Resources */ = {isa = PBXBuildFile; fileRef = 84A4093D25C15A8600F85AEA /* Assets.xcassets */; };
		84A4094125C15A8600F85AEA /* LaunchScreen.storyboard in Resources */ = {isa = PBXBuildFile; fileRef = 84A4093F25C15A8600F85AEA /* LaunchScreen.storyboard */; };
		84A4094425C15A8600F85AEA /* main.m in Sources */ = {isa = PBXBuildFile; fileRef = 84A4094325C15A8600F85AEA /* main.m */; };
		84A4094E25C15A8700F85AEA /* XSTimerCardViewTests.m in Sources */ = {isa = PBXBuildFile; fileRef = 84A4094D25C15A8700F85AEA /* XSTimerCardViewTests.m */; };
		84A4095925C15A8700F85AEA /* XSTimerCardViewUITests.m in Sources */ = {isa = PBXBuildFile; fileRef = 84A4095825C15A8700F85AEA /* XSTimerCardViewUITests.m */; };
		84A4098725C15BCC00F85AEA /* NSLayoutConstraint+MASDebugAdditions.m in Sources */ = {isa = PBXBuildFile; fileRef = 84A4096E25C15BCC00F85AEA /* NSLayoutConstraint+MASDebugAdditions.m */; };
		84A4098825C15BCC00F85AEA /* ViewController+MASAdditions.m in Sources */ = {isa = PBXBuildFile; fileRef = 84A4097725C15BCC00F85AEA /* ViewController+MASAdditions.m */; };
		84A4098925C15BCC00F85AEA /* MASCompositeConstraint.m in Sources */ = {isa = PBXBuildFile; fileRef = 84A4097B25C15BCC00F85AEA /* MASCompositeConstraint.m */; };
		84A4098A25C15BCC00F85AEA /* MASConstraintMaker.m in Sources */ = {isa = PBXBuildFile; fileRef = 84A4097C25C15BCC00F85AEA /* MASConstraintMaker.m */; };
		84A4098B25C15BCC00F85AEA /* MASLayoutConstraint.m in Sources */ = {isa = PBXBuildFile; fileRef = 84A4097D25C15BCC00F85AEA /* MASLayoutConstraint.m */; };
		84A4098C25C15BCC00F85AEA /* NSArray+MASAdditions.m in Sources */ = {isa = PBXBuildFile; fileRef = 84A4097E25C15BCC00F85AEA /* NSArray+MASAdditions.m */; };
		84A4098D25C15BCC00F85AEA /* View+MASAdditions.m in Sources */ = {isa = PBXBuildFile; fileRef = 84A4097F25C15BCC00F85AEA /* View+MASAdditions.m */; };
		84A4098E25C15BCC00F85AEA /* MASConstraint.m in Sources */ = {isa = PBXBuildFile; fileRef = 84A4098225C15BCC00F85AEA /* MASConstraint.m */; };
		84A4098F25C15BCC00F85AEA /* MASViewConstraint.m in Sources */ = {isa = PBXBuildFile; fileRef = 84A4098425C15BCC00F85AEA /* MASViewConstraint.m */; };
		84A4099025C15BCC00F85AEA /* MASViewAttribute.m in Sources */ = {isa = PBXBuildFile; fileRef = 84A4098525C15BCC00F85AEA /* MASViewAttribute.m */; };
		84A4099725C15BEF00F85AEA /* XSTimerTextView.m in Sources */ = {isa = PBXBuildFile; fileRef = 84A4099625C15BEF00F85AEA /* XSTimerTextView.m */; };
/* End PBXBuildFile section */

/* Begin PBXContainerItemProxy section */
		84A4094A25C15A8700F85AEA /* PBXContainerItemProxy */ = {
			isa = PBXContainerItemProxy;
			containerPortal = 84A4092625C15A8500F85AEA /* Project object */;
			proxyType = 1;
			remoteGlobalIDString = 84A4092D25C15A8500F85AEA;
			remoteInfo = XSTimerCardView;
		};
		84A4095525C15A8700F85AEA /* PBXContainerItemProxy */ = {
			isa = PBXContainerItemProxy;
			containerPortal = 84A4092625C15A8500F85AEA /* Project object */;
			proxyType = 1;
			remoteGlobalIDString = 84A4092D25C15A8500F85AEA;
			remoteInfo = XSTimerCardView;
		};
/* End PBXContainerItemProxy section */

/* Begin PBXFileReference section */
		84A4092E25C15A8500F85AEA /* XSTimerCardView.app */ = {isa = PBXFileReference; explicitFileType = wrapper.application; includeInIndex = 0; path = XSTimerCardView.app; sourceTree = BUILT_PRODUCTS_DIR; };
		84A4093125C15A8500F85AEA /* AppDelegate.h */ = {isa = PBXFileReference; lastKnownFileType = sourcecode.c.h; path = AppDelegate.h; sourceTree = "<group>"; };
		84A4093225C15A8500F85AEA /* AppDelegate.m */ = {isa = PBXFileReference; lastKnownFileType = sourcecode.c.objc; path = AppDelegate.m; sourceTree = "<group>"; };
		84A4093425C15A8500F85AEA /* SceneDelegate.h */ = {isa = PBXFileReference; lastKnownFileType = sourcecode.c.h; path = SceneDelegate.h; sourceTree = "<group>"; };
		84A4093525C15A8500F85AEA /* SceneDelegate.m */ = {isa = PBXFileReference; lastKnownFileType = sourcecode.c.objc; path = SceneDelegate.m; sourceTree = "<group>"; };
		84A4093725C15A8500F85AEA /* ViewController.h */ = {isa = PBXFileReference; lastKnownFileType = sourcecode.c.h; path = ViewController.h; sourceTree = "<group>"; };
		84A4093825C15A8500F85AEA /* ViewController.m */ = {isa = PBXFileReference; lastKnownFileType = sourcecode.c.objc; path = ViewController.m; sourceTree = "<group>"; };
		84A4093B25C15A8500F85AEA /* Base */ = {isa = PBXFileReference; lastKnownFileType = file.storyboard; name = Base; path = Base.lproj/Main.storyboard; sourceTree = "<group>"; };
		84A4093D25C15A8600F85AEA /* Assets.xcassets */ = {isa = PBXFileReference; lastKnownFileType = folder.assetcatalog; path = Assets.xcassets; sourceTree = "<group>"; };
		84A4094025C15A8600F85AEA /* Base */ = {isa = PBXFileReference; lastKnownFileType = file.storyboard; name = Base; path = Base.lproj/LaunchScreen.storyboard; sourceTree = "<group>"; };
		84A4094225C15A8600F85AEA /* Info.plist */ = {isa = PBXFileReference; lastKnownFileType = text.plist.xml; path = Info.plist; sourceTree = "<group>"; };
		84A4094325C15A8600F85AEA /* main.m */ = {isa = PBXFileReference; lastKnownFileType = sourcecode.c.objc; path = main.m; sourceTree = "<group>"; };
		84A4094925C15A8700F85AEA /* XSTimerCardViewTests.xctest */ = {isa = PBXFileReference; explicitFileType = wrapper.cfbundle; includeInIndex = 0; path = XSTimerCardViewTests.xctest; sourceTree = BUILT_PRODUCTS_DIR; };
		84A4094D25C15A8700F85AEA /* XSTimerCardViewTests.m */ = {isa = PBXFileReference; lastKnownFileType = sourcecode.c.objc; path = XSTimerCardViewTests.m; sourceTree = "<group>"; };
		84A4094F25C15A8700F85AEA /* Info.plist */ = {isa = PBXFileReference; lastKnownFileType = text.plist.xml; path = Info.plist; sourceTree = "<group>"; };
		84A4095425C15A8700F85AEA /* XSTimerCardViewUITests.xctest */ = {isa = PBXFileReference; explicitFileType = wrapper.cfbundle; includeInIndex = 0; path = XSTimerCardViewUITests.xctest; sourceTree = BUILT_PRODUCTS_DIR; };
		84A4095825C15A8700F85AEA /* XSTimerCardViewUITests.m */ = {isa = PBXFileReference; lastKnownFileType = sourcecode.c.objc; path = XSTimerCardViewUITests.m; sourceTree = "<group>"; };
		84A4095A25C15A8700F85AEA /* Info.plist */ = {isa = PBXFileReference; lastKnownFileType = text.plist.xml; path = Info.plist; sourceTree = "<group>"; };
		84A4096D25C15BCC00F85AEA /* MASCompositeConstraint.h */ = {isa = PBXFileReference; fileEncoding = 4; lastKnownFileType = sourcecode.c.h; path = MASCompositeConstraint.h; sourceTree = "<group>"; };
		84A4096E25C15BCC00F85AEA /* NSLayoutConstraint+MASDebugAdditions.m */ = {isa = PBXFileReference; fileEncoding = 4; lastKnownFileType = sourcecode.c.objc; path = "NSLayoutConstraint+MASDebugAdditions.m"; sourceTree = "<group>"; };
		84A4096F25C15BCC00F85AEA /* MASConstraint+Private.h */ = {isa = PBXFileReference; fileEncoding = 4; lastKnownFileType = sourcecode.c.h; path = "MASConstraint+Private.h"; sourceTree = "<group>"; };
		84A4097025C15BCC00F85AEA /* MASLayoutConstraint.h */ = {isa = PBXFileReference; fileEncoding = 4; lastKnownFileType = sourcecode.c.h; path = MASLayoutConstraint.h; sourceTree = "<group>"; };
		84A4097125C15BCC00F85AEA /* NSArray+MASShorthandAdditions.h */ = {isa = PBXFileReference; fileEncoding = 4; lastKnownFileType = sourcecode.c.h; path = "NSArray+MASShorthandAdditions.h"; sourceTree = "<group>"; };
		84A4097225C15BCC00F85AEA /* MASConstraintMaker.h */ = {isa = PBXFileReference; fileEncoding = 4; lastKnownFileType = sourcecode.c.h; path = MASConstraintMaker.h; sourceTree = "<group>"; };
		84A4097325C15BCC00F85AEA /* View+MASAdditions.h */ = {isa = PBXFileReference; fileEncoding = 4; lastKnownFileType = sourcecode.c.h; path = "View+MASAdditions.h"; sourceTree = "<group>"; };
		84A4097425C15BCC00F85AEA /* NSArray+MASAdditions.h */ = {isa = PBXFileReference; fileEncoding = 4; lastKnownFileType = sourcecode.c.h; path = "NSArray+MASAdditions.h"; sourceTree = "<group>"; };
		84A4097525C15BCC00F85AEA /* MASUtilities.h */ = {isa = PBXFileReference; fileEncoding = 4; lastKnownFileType = sourcecode.c.h; path = MASUtilities.h; sourceTree = "<group>"; };
		84A4097625C15BCC00F85AEA /* MASViewAttribute.h */ = {isa = PBXFileReference; fileEncoding = 4; lastKnownFileType = sourcecode.c.h; path = MASViewAttribute.h; sourceTree = "<group>"; };
		84A4097725C15BCC00F85AEA /* ViewController+MASAdditions.m */ = {isa = PBXFileReference; fileEncoding = 4; lastKnownFileType = sourcecode.c.objc; path = "ViewController+MASAdditions.m"; sourceTree = "<group>"; };
		84A4097825C15BCC00F85AEA /* MASViewConstraint.h */ = {isa = PBXFileReference; fileEncoding = 4; lastKnownFileType = sourcecode.c.h; path = MASViewConstraint.h; sourceTree = "<group>"; };
		84A4097925C15BCC00F85AEA /* MASConstraint.h */ = {isa = PBXFileReference; fileEncoding = 4; lastKnownFileType = sourcecode.c.h; path = MASConstraint.h; sourceTree = "<group>"; };
		84A4097A25C15BCC00F85AEA /* NSLayoutConstraint+MASDebugAdditions.h */ = {isa = PBXFileReference; fileEncoding = 4; lastKnownFileType = sourcecode.c.h; path = "NSLayoutConstraint+MASDebugAdditions.h"; sourceTree = "<group>"; };
		84A4097B25C15BCC00F85AEA /* MASCompositeConstraint.m */ = {isa = PBXFileReference; fileEncoding = 4; lastKnownFileType = sourcecode.c.objc; path = MASCompositeConstraint.m; sourceTree = "<group>"; };
		84A4097C25C15BCC00F85AEA /* MASConstraintMaker.m */ = {isa = PBXFileReference; fileEncoding = 4; lastKnownFileType = sourcecode.c.objc; path = MASConstraintMaker.m; sourceTree = "<group>"; };
		84A4097D25C15BCC00F85AEA /* MASLayoutConstraint.m */ = {isa = PBXFileReference; fileEncoding = 4; lastKnownFileType = sourcecode.c.objc; path = MASLayoutConstraint.m; sourceTree = "<group>"; };
		84A4097E25C15BCC00F85AEA /* NSArray+MASAdditions.m */ = {isa = PBXFileReference; fileEncoding = 4; lastKnownFileType = sourcecode.c.objc; path = "NSArray+MASAdditions.m"; sourceTree = "<group>"; };
		84A4097F25C15BCC00F85AEA /* View+MASAdditions.m */ = {isa = PBXFileReference; fileEncoding = 4; lastKnownFileType = sourcecode.c.objc; path = "View+MASAdditions.m"; sourceTree = "<group>"; };
		84A4098025C15BCC00F85AEA /* View+MASShorthandAdditions.h */ = {isa = PBXFileReference; fileEncoding = 4; lastKnownFileType = sourcecode.c.h; path = "View+MASShorthandAdditions.h"; sourceTree = "<group>"; };
		84A4098125C15BCC00F85AEA /* Masonry.h */ = {isa = PBXFileReference; fileEncoding = 4; lastKnownFileType = sourcecode.c.h; path = Masonry.h; sourceTree = "<group>"; };
		84A4098225C15BCC00F85AEA /* MASConstraint.m */ = {isa = PBXFileReference; fileEncoding = 4; lastKnownFileType = sourcecode.c.objc; path = MASConstraint.m; sourceTree = "<group>"; };
		84A4098325C15BCC00F85AEA /* ViewController+MASAdditions.h */ = {isa = PBXFileReference; fileEncoding = 4; lastKnownFileType = sourcecode.c.h; path = "ViewController+MASAdditions.h"; sourceTree = "<group>"; };
		84A4098425C15BCC00F85AEA /* MASViewConstraint.m */ = {isa = PBXFileReference; fileEncoding = 4; lastKnownFileType = sourcecode.c.objc; path = MASViewConstraint.m; sourceTree = "<group>"; };
		84A4098525C15BCC00F85AEA /* MASViewAttribute.m */ = {isa = PBXFileReference; fileEncoding = 4; lastKnownFileType = sourcecode.c.objc; path = MASViewAttribute.m; sourceTree = "<group>"; };
		84A4098625C15BCC00F85AEA /* Info.plist */ = {isa = PBXFileReference; fileEncoding = 4; lastKnownFileType = text.plist.xml; path = Info.plist; sourceTree = "<group>"; };
		84A4099525C15BEF00F85AEA /* XSTimerTextView.h */ = {isa = PBXFileReference; fileEncoding = 4; lastKnownFileType = sourcecode.c.h; path = XSTimerTextView.h; sourceTree = "<group>"; };
		84A4099625C15BEF00F85AEA /* XSTimerTextView.m */ = {isa = PBXFileReference; fileEncoding = 4; lastKnownFileType = sourcecode.c.objc; path = XSTimerTextView.m; sourceTree = "<group>"; };
/* End PBXFileReference section */

/* Begin PBXFrameworksBuildPhase section */
		84A4092B25C15A8500F85AEA /* Frameworks */ = {
			isa = PBXFrameworksBuildPhase;
			buildActionMask = 2147483647;
			files = (
			);
			runOnlyForDeploymentPostprocessing = 0;
		};
		84A4094625C15A8700F85AEA /* Frameworks */ = {
			isa = PBXFrameworksBuildPhase;
			buildActionMask = 2147483647;
			files = (
			);
			runOnlyForDeploymentPostprocessing = 0;
		};
		84A4095125C15A8700F85AEA /* Frameworks */ = {
			isa = PBXFrameworksBuildPhase;
			buildActionMask = 2147483647;
			files = (
			);
			runOnlyForDeploymentPostprocessing = 0;
		};
/* End PBXFrameworksBuildPhase section */

/* Begin PBXGroup section */
		84A4092525C15A8500F85AEA = {
			isa = PBXGroup;
			children = (
				84A4093025C15A8500F85AEA /* XSTimerCardView */,
				84A4094C25C15A8700F85AEA /* XSTimerCardViewTests */,
				84A4095725C15A8700F85AEA /* XSTimerCardViewUITests */,
				84A4092F25C15A8500F85AEA /* Products */,
			);
			sourceTree = "<group>";
		};
		84A4092F25C15A8500F85AEA /* Products */ = {
			isa = PBXGroup;
			children = (
				84A4092E25C15A8500F85AEA /* XSTimerCardView.app */,
				84A4094925C15A8700F85AEA /* XSTimerCardViewTests.xctest */,
				84A4095425C15A8700F85AEA /* XSTimerCardViewUITests.xctest */,
			);
			name = Products;
			sourceTree = "<group>";
		};
		84A4093025C15A8500F85AEA /* XSTimerCardView */ = {
			isa = PBXGroup;
			children = (
				84A4093125C15A8500F85AEA /* AppDelegate.h */,
				84A4093225C15A8500F85AEA /* AppDelegate.m */,
				84A4093425C15A8500F85AEA /* SceneDelegate.h */,
				84A4093525C15A8500F85AEA /* SceneDelegate.m */,
				84A4093725C15A8500F85AEA /* ViewController.h */,
				84A4093825C15A8500F85AEA /* ViewController.m */,
				84A4099525C15BEF00F85AEA /* XSTimerTextView.h */,
				84A4099625C15BEF00F85AEA /* XSTimerTextView.m */,
				84A4096C25C15BCC00F85AEA /* Masonry */,
				84A4093A25C15A8500F85AEA /* Main.storyboard */,
				84A4093D25C15A8600F85AEA /* Assets.xcassets */,
				84A4093F25C15A8600F85AEA /* LaunchScreen.storyboard */,
				84A4094225C15A8600F85AEA /* Info.plist */,
				84A4094325C15A8600F85AEA /* main.m */,
			);
			path = XSTimerCardView;
			sourceTree = "<group>";
		};
		84A4094C25C15A8700F85AEA /* XSTimerCardViewTests */ = {
			isa = PBXGroup;
			children = (
				84A4094D25C15A8700F85AEA /* XSTimerCardViewTests.m */,
				84A4094F25C15A8700F85AEA /* Info.plist */,
			);
			path = XSTimerCardViewTests;
			sourceTree = "<group>";
		};
		84A4095725C15A8700F85AEA /* XSTimerCardViewUITests */ = {
			isa = PBXGroup;
			children = (
				84A4095825C15A8700F85AEA /* XSTimerCardViewUITests.m */,
				84A4095A25C15A8700F85AEA /* Info.plist */,
			);
			path = XSTimerCardViewUITests;
			sourceTree = "<group>";
		};
		84A4096C25C15BCC00F85AEA /* Masonry */ = {
			isa = PBXGroup;
			children = (
				84A4096D25C15BCC00F85AEA /* MASCompositeConstraint.h */,
				84A4096E25C15BCC00F85AEA /* NSLayoutConstraint+MASDebugAdditions.m */,
				84A4096F25C15BCC00F85AEA /* MASConstraint+Private.h */,
				84A4097025C15BCC00F85AEA /* MASLayoutConstraint.h */,
				84A4097125C15BCC00F85AEA /* NSArray+MASShorthandAdditions.h */,
				84A4097225C15BCC00F85AEA /* MASConstraintMaker.h */,
				84A4097325C15BCC00F85AEA /* View+MASAdditions.h */,
				84A4097425C15BCC00F85AEA /* NSArray+MASAdditions.h */,
				84A4097525C15BCC00F85AEA /* MASUtilities.h */,
				84A4097625C15BCC00F85AEA /* MASViewAttribute.h */,
				84A4097725C15BCC00F85AEA /* ViewController+MASAdditions.m */,
				84A4097825C15BCC00F85AEA /* MASViewConstraint.h */,
				84A4097925C15BCC00F85AEA /* MASConstraint.h */,
				84A4097A25C15BCC00F85AEA /* NSLayoutConstraint+MASDebugAdditions.h */,
				84A4097B25C15BCC00F85AEA /* MASCompositeConstraint.m */,
				84A4097C25C15BCC00F85AEA /* MASConstraintMaker.m */,
				84A4097D25C15BCC00F85AEA /* MASLayoutConstraint.m */,
				84A4097E25C15BCC00F85AEA /* NSArray+MASAdditions.m */,
				84A4097F25C15BCC00F85AEA /* View+MASAdditions.m */,
				84A4098025C15BCC00F85AEA /* View+MASShorthandAdditions.h */,
				84A4098125C15BCC00F85AEA /* Masonry.h */,
				84A4098225C15BCC00F85AEA /* MASConstraint.m */,
				84A4098325C15BCC00F85AEA /* ViewController+MASAdditions.h */,
				84A4098425C15BCC00F85AEA /* MASViewConstraint.m */,
				84A4098525C15BCC00F85AEA /* MASViewAttribute.m */,
				84A4098625C15BCC00F85AEA /* Info.plist */,
			);
			path = Masonry;
			sourceTree = "<group>";
		};
/* End PBXGroup section */

/* Begin PBXNativeTarget section */
		84A4092D25C15A8500F85AEA /* XSTimerCardView */ = {
			isa = PBXNativeTarget;
			buildConfigurationList = 84A4095D25C15A8700F85AEA /* Build configuration list for PBXNativeTarget "XSTimerCardView" */;
			buildPhases = (
				84A4092A25C15A8500F85AEA /* Sources */,
				84A4092B25C15A8500F85AEA /* Frameworks */,
				84A4092C25C15A8500F85AEA /* Resources */,
			);
			buildRules = (
			);
			dependencies = (
			);
			name = XSTimerCardView;
			productName = XSTimerCardView;
			productReference = 84A4092E25C15A8500F85AEA /* XSTimerCardView.app */;
			productType = "com.apple.product-type.application";
		};
		84A4094825C15A8700F85AEA /* XSTimerCardViewTests */ = {
			isa = PBXNativeTarget;
			buildConfigurationList = 84A4096025C15A8700F85AEA /* Build configuration list for PBXNativeTarget "XSTimerCardViewTests" */;
			buildPhases = (
				84A4094525C15A8700F85AEA /* Sources */,
				84A4094625C15A8700F85AEA /* Frameworks */,
				84A4094725C15A8700F85AEA /* Resources */,
			);
			buildRules = (
			);
			dependencies = (
				84A4094B25C15A8700F85AEA /* PBXTargetDependency */,
			);
			name = XSTimerCardViewTests;
			productName = XSTimerCardViewTests;
			productReference = 84A4094925C15A8700F85AEA /* XSTimerCardViewTests.xctest */;
			productType = "com.apple.product-type.bundle.unit-test";
		};
		84A4095325C15A8700F85AEA /* XSTimerCardViewUITests */ = {
			isa = PBXNativeTarget;
			buildConfigurationList = 84A4096325C15A8700F85AEA /* Build configuration list for PBXNativeTarget "XSTimerCardViewUITests" */;
			buildPhases = (
				84A4095025C15A8700F85AEA /* Sources */,
				84A4095125C15A8700F85AEA /* Frameworks */,
				84A4095225C15A8700F85AEA /* Resources */,
			);
			buildRules = (
			);
			dependencies = (
				84A4095625C15A8700F85AEA /* PBXTargetDependency */,
			);
			name = XSTimerCardViewUITests;
			productName = XSTimerCardViewUITests;
			productReference = 84A4095425C15A8700F85AEA /* XSTimerCardViewUITests.xctest */;
			productType = "com.apple.product-type.bundle.ui-testing";
		};
/* End PBXNativeTarget section */

/* Begin PBXProject section */
		84A4092625C15A8500F85AEA /* Project object */ = {
			isa = PBXProject;
			attributes = {
				LastUpgradeCheck = 1230;
				TargetAttributes = {
					84A4092D25C15A8500F85AEA = {
						CreatedOnToolsVersion = 12.3;
					};
					84A4094825C15A8700F85AEA = {
						CreatedOnToolsVersion = 12.3;
						TestTargetID = 84A4092D25C15A8500F85AEA;
					};
					84A4095325C15A8700F85AEA = {
						CreatedOnToolsVersion = 12.3;
						TestTargetID = 84A4092D25C15A8500F85AEA;
					};
				};
			};
			buildConfigurationList = 84A4092925C15A8500F85AEA /* Build configuration list for PBXProject "XSTimerCardView" */;
			compatibilityVersion = "Xcode 9.3";
			developmentRegion = en;
			hasScannedForEncodings = 0;
			knownRegions = (
				en,
				Base,
			);
			mainGroup = 84A4092525C15A8500F85AEA;
			productRefGroup = 84A4092F25C15A8500F85AEA /* Products */;
			projectDirPath = "";
			projectRoot = "";
			targets = (
				84A4092D25C15A8500F85AEA /* XSTimerCardView */,
				84A4094825C15A8700F85AEA /* XSTimerCardViewTests */,
				84A4095325C15A8700F85AEA /* XSTimerCardViewUITests */,
			);
		};
/* End PBXProject section */

/* Begin PBXResourcesBuildPhase section */
		84A4092C25C15A8500F85AEA /* Resources */ = {
			isa = PBXResourcesBuildPhase;
			buildActionMask = 2147483647;
			files = (
				84A4094125C15A8600F85AEA /* LaunchScreen.storyboard in Resources */,
				84A4093E25C15A8600F85AEA /* Assets.xcassets in Resources */,
				84A4093C25C15A8500F85AEA /* Main.storyboard in Resources */,
			);
			runOnlyForDeploymentPostprocessing = 0;
		};
		84A4094725C15A8700F85AEA /* Resources */ = {
			isa = PBXResourcesBuildPhase;
			buildActionMask = 2147483647;
			files = (
			);
			runOnlyForDeploymentPostprocessing = 0;
		};
		84A4095225C15A8700F85AEA /* Resources */ = {
			isa = PBXResourcesBuildPhase;
			buildActionMask = 2147483647;
			files = (
			);
			runOnlyForDeploymentPostprocessing = 0;
		};
/* End PBXResourcesBuildPhase section */

/* Begin PBXSourcesBuildPhase section */
		84A4092A25C15A8500F85AEA /* Sources */ = {
			isa = PBXSourcesBuildPhase;
			buildActionMask = 2147483647;
			files = (
				84A4098F25C15BCC00F85AEA /* MASViewConstraint.m in Sources */,
				84A4099025C15BCC00F85AEA /* MASViewAttribute.m in Sources */,
				84A4093925C15A8500F85AEA /* ViewController.m in Sources */,
				84A4093325C15A8500F85AEA /* AppDelegate.m in Sources */,
				84A4098C25C15BCC00F85AEA /* NSArray+MASAdditions.m in Sources */,
				84A4098825C15BCC00F85AEA /* ViewController+MASAdditions.m in Sources */,
				84A4098925C15BCC00F85AEA /* MASCompositeConstraint.m in Sources */,
				84A4094425C15A8600F85AEA /* main.m in Sources */,
				84A4098D25C15BCC00F85AEA /* View+MASAdditions.m in Sources */,
				84A4098A25C15BCC00F85AEA /* MASConstraintMaker.m in Sources */,
				84A4098E25C15BCC00F85AEA /* MASConstraint.m in Sources */,
				84A4098725C15BCC00F85AEA /* NSLayoutConstraint+MASDebugAdditions.m in Sources */,
				84A4099725C15BEF00F85AEA /* XSTimerTextView.m in Sources */,
				84A4098B25C15BCC00F85AEA /* MASLayoutConstraint.m in Sources */,
				84A4093625C15A8500F85AEA /* SceneDelegate.m in Sources */,
			);
			runOnlyForDeploymentPostprocessing = 0;
		};
		84A4094525C15A8700F85AEA /* Sources */ = {
			isa = PBXSourcesBuildPhase;
			buildActionMask = 2147483647;
			files = (
				84A4094E25C15A8700F85AEA /* XSTimerCardViewTests.m in Sources */,
			);
			runOnlyForDeploymentPostprocessing = 0;
		};
		84A4095025C15A8700F85AEA /* Sources */ = {
			isa = PBXSourcesBuildPhase;
			buildActionMask = 2147483647;
			files = (
				84A4095925C15A8700F85AEA /* XSTimerCardViewUITests.m in Sources */,
			);
			runOnlyForDeploymentPostprocessing = 0;
		};
/* End PBXSourcesBuildPhase section */

/* Begin PBXTargetDependency section */
		84A4094B25C15A8700F85AEA /* PBXTargetDependency */ = {
			isa = PBXTargetDependency;
			target = 84A4092D25C15A8500F85AEA /* XSTimerCardView */;
			targetProxy = 84A4094A25C15A8700F85AEA /* PBXContainerItemProxy */;
		};
		84A4095625C15A8700F85AEA /* PBXTargetDependency */ = {
			isa = PBXTargetDependency;
			target = 84A4092D25C15A8500F85AEA /* XSTimerCardView */;
			targetProxy = 84A4095525C15A8700F85AEA /* PBXContainerItemProxy */;
		};
/* End PBXTargetDependency section */

/* Begin PBXVariantGroup section */
		84A4093A25C15A8500F85AEA /* Main.storyboard */ = {
			isa = PBXVariantGroup;
			children = (
				84A4093B25C15A8500F85AEA /* Base */,
			);
			name = Main.storyboard;
			sourceTree = "<group>";
		};
		84A4093F25C15A8600F85AEA /* LaunchScreen.storyboard */ = {
			isa = PBXVariantGroup;
			children = (
				84A4094025C15A8600F85AEA /* Base */,
			);
			name = LaunchScreen.storyboard;
			sourceTree = "<group>";
		};
/* End PBXVariantGroup section */

/* Begin XCBuildConfiguration section */
		84A4095B25C15A8700F85AEA /* Debug */ = {
			isa = XCBuildConfiguration;
			buildSettings = {
				ALWAYS_SEARCH_USER_PATHS = NO;
				CLANG_ANALYZER_NONNULL = YES;
				CLANG_ANALYZER_NUMBER_OBJECT_CONVERSION = YES_AGGRESSIVE;
				CLANG_CXX_LANGUAGE_STANDARD = "gnu++14";
				CLANG_CXX_LIBRARY = "libc++";
				CLANG_ENABLE_MODULES = YES;
				CLANG_ENABLE_OBJC_ARC = YES;
				CLANG_ENABLE_OBJC_WEAK = YES;
				CLANG_WARN_BLOCK_CAPTURE_AUTORELEASING = YES;
				CLANG_WARN_BOOL_CONVERSION = YES;
				CLANG_WARN_COMMA = YES;
				CLANG_WARN_CONSTANT_CONVERSION = YES;
				CLANG_WARN_DEPRECATED_OBJC_IMPLEMENTATIONS = YES;
				CLANG_WARN_DIRECT_OBJC_ISA_USAGE = YES_ERROR;
				CLANG_WARN_DOCUMENTATION_COMMENTS = YES;
				CLANG_WARN_EMPTY_BODY = YES;
				CLANG_WARN_ENUM_CONVERSION = YES;
				CLANG_WARN_INFINITE_RECURSION = YES;
				CLANG_WARN_INT_CONVERSION = YES;
				CLANG_WARN_NON_LITERAL_NULL_CONVERSION = YES;
				CLANG_WARN_OBJC_IMPLICIT_RETAIN_SELF = YES;
				CLANG_WARN_OBJC_LITERAL_CONVERSION = YES;
				CLANG_WARN_OBJC_ROOT_CLASS = YES_ERROR;
				CLANG_WARN_QUOTED_INCLUDE_IN_FRAMEWORK_HEADER = YES;
				CLANG_WARN_RANGE_LOOP_ANALYSIS = YES;
				CLANG_WARN_STRICT_PROTOTYPES = YES;
				CLANG_WARN_SUSPICIOUS_MOVE = YES;
				CLANG_WARN_UNGUARDED_AVAILABILITY = YES_AGGRESSIVE;
				CLANG_WARN_UNREACHABLE_CODE = YES;
				CLANG_WARN__DUPLICATE_METHOD_MATCH = YES;
				COPY_PHASE_STRIP = NO;
				DEBUG_INFORMATION_FORMAT = dwarf;
				ENABLE_STRICT_OBJC_MSGSEND = YES;
				ENABLE_TESTABILITY = YES;
				GCC_C_LANGUAGE_STANDARD = gnu11;
				GCC_DYNAMIC_NO_PIC = NO;
				GCC_NO_COMMON_BLOCKS = YES;
				GCC_OPTIMIZATION_LEVEL = 0;
				GCC_PREPROCESSOR_DEFINITIONS = (
					"DEBUG=1",
					"$(inherited)",
				);
				GCC_WARN_64_TO_32_BIT_CONVERSION = YES;
				GCC_WARN_ABOUT_RETURN_TYPE = YES_ERROR;
				GCC_WARN_UNDECLARED_SELECTOR = YES;
				GCC_WARN_UNINITIALIZED_AUTOS = YES_AGGRESSIVE;
				GCC_WARN_UNUSED_FUNCTION = YES;
				GCC_WARN_UNUSED_VARIABLE = YES;
				IPHONEOS_DEPLOYMENT_TARGET = 14.3;
				MTL_ENABLE_DEBUG_INFO = INCLUDE_SOURCE;
				MTL_FAST_MATH = YES;
				ONLY_ACTIVE_ARCH = YES;
				SDKROOT = iphoneos;
			};
			name = Debug;
		};
		84A4095C25C15A8700F85AEA /* Release */ = {
			isa = XCBuildConfiguration;
			buildSettings = {
				ALWAYS_SEARCH_USER_PATHS = NO;
				CLANG_ANALYZER_NONNULL = YES;
				CLANG_ANALYZER_NUMBER_OBJECT_CONVERSION = YES_AGGRESSIVE;
				CLANG_CXX_LANGUAGE_STANDARD = "gnu++14";
				CLANG_CXX_LIBRARY = "libc++";
				CLANG_ENABLE_MODULES = YES;
				CLANG_ENABLE_OBJC_ARC = YES;
				CLANG_ENABLE_OBJC_WEAK = YES;
				CLANG_WARN_BLOCK_CAPTURE_AUTORELEASING = YES;
				CLANG_WARN_BOOL_CONVERSION = YES;
				CLANG_WARN_COMMA = YES;
				CLANG_WARN_CONSTANT_CONVERSION = YES;
				CLANG_WARN_DEPRECATED_OBJC_IMPLEMENTATIONS = YES;
				CLANG_WARN_DIRECT_OBJC_ISA_USAGE = YES_ERROR;
				CLANG_WARN_DOCUMENTATION_COMMENTS = YES;
				CLANG_WARN_EMPTY_BODY = YES;
				CLANG_WARN_ENUM_CONVERSION = YES;
				CLANG_WARN_INFINITE_RECURSION = YES;
				CLANG_WARN_INT_CONVERSION = YES;
				CLANG_WARN_NON_LITERAL_NULL_CONVERSION = YES;
				CLANG_WARN_OBJC_IMPLICIT_RETAIN_SELF = YES;
				CLANG_WARN_OBJC_LITERAL_CONVERSION = YES;
				CLANG_WARN_OBJC_ROOT_CLASS = YES_ERROR;
				CLANG_WARN_QUOTED_INCLUDE_IN_FRAMEWORK_HEADER = YES;
				CLANG_WARN_RANGE_LOOP_ANALYSIS = YES;
				CLANG_WARN_STRICT_PROTOTYPES = YES;
				CLANG_WARN_SUSPICIOUS_MOVE = YES;
				CLANG_WARN_UNGUARDED_AVAILABILITY = YES_AGGRESSIVE;
				CLANG_WARN_UNREACHABLE_CODE = YES;
				CLANG_WARN__DUPLICATE_METHOD_MATCH = YES;
				COPY_PHASE_STRIP = NO;
				DEBUG_INFORMATION_FORMAT = "dwarf-with-dsym";
				ENABLE_NS_ASSERTIONS = NO;
				ENABLE_STRICT_OBJC_MSGSEND = YES;
				GCC_C_LANGUAGE_STANDARD = gnu11;
				GCC_NO_COMMON_BLOCKS = YES;
				GCC_WARN_64_TO_32_BIT_CONVERSION = YES;
				GCC_WARN_ABOUT_RETURN_TYPE = YES_ERROR;
				GCC_WARN_UNDECLARED_SELECTOR = YES;
				GCC_WARN_UNINITIALIZED_AUTOS = YES_AGGRESSIVE;
				GCC_WARN_UNUSED_FUNCTION = YES;
				GCC_WARN_UNUSED_VARIABLE = YES;
				IPHONEOS_DEPLOYMENT_TARGET = 14.3;
				MTL_ENABLE_DEBUG_INFO = NO;
				MTL_FAST_MATH = YES;
				SDKROOT = iphoneos;
				VALIDATE_PRODUCT = YES;
			};
			name = Release;
		};
		84A4095E25C15A8700F85AEA /* Debug */ = {
			isa = XCBuildConfiguration;
			buildSettings = {
				ASSETCATALOG_COMPILER_APPICON_NAME = AppIcon;
				ASSETCATALOG_COMPILER_GLOBAL_ACCENT_COLOR_NAME = AccentColor;
				CODE_SIGN_STYLE = Automatic;
				DEVELOPMENT_TEAM = LH63B8LPQ8;
				INFOPLIST_FILE = XSTimerCardView/Info.plist;
				IPHONEOS_DEPLOYMENT_TARGET = 14.1;
				LD_RUNPATH_SEARCH_PATHS = (
					"$(inherited)",
					"@executable_path/Frameworks",
				);
				PRODUCT_BUNDLE_IDENTIFIER = xinsun.XSTimerCardView;
				PRODUCT_NAME = "$(TARGET_NAME)";
				TARGETED_DEVICE_FAMILY = "1,2";
			};
			name = Debug;
		};
		84A4095F25C15A8700F85AEA /* Release */ = {
			isa = XCBuildConfiguration;
			buildSettings = {
				ASSETCATALOG_COMPILER_APPICON_NAME = AppIcon;
				ASSETCATALOG_COMPILER_GLOBAL_ACCENT_COLOR_NAME = AccentColor;
				CODE_SIGN_STYLE = Automatic;
				DEVELOPMENT_TEAM = LH63B8LPQ8;
				INFOPLIST_FILE = XSTimerCardView/Info.plist;
				IPHONEOS_DEPLOYMENT_TARGET = 14.1;
				LD_RUNPATH_SEARCH_PATHS = (
					"$(inherited)",
					"@executable_path/Frameworks",
				);
				PRODUCT_BUNDLE_IDENTIFIER = xinsun.XSTimerCardView;
				PRODUCT_NAME = "$(TARGET_NAME)";
				TARGETED_DEVICE_FAMILY = "1,2";
			};
			name = Release;
		};
		84A4096125C15A8700F85AEA /* Debug */ = {
			isa = XCBuildConfiguration;
			buildSettings = {
				BUNDLE_LOADER = "$(TEST_HOST)";
				CODE_SIGN_STYLE = Automatic;
				INFOPLIST_FILE = XSTimerCardViewTests/Info.plist;
				IPHONEOS_DEPLOYMENT_TARGET = 14.3;
				LD_RUNPATH_SEARCH_PATHS = (
					"$(inherited)",
					"@executable_path/Frameworks",
					"@loader_path/Frameworks",
				);
				PRODUCT_BUNDLE_IDENTIFIER = xinsun.XSTimerCardViewTests;
				PRODUCT_NAME = "$(TARGET_NAME)";
				TARGETED_DEVICE_FAMILY = "1,2";
				TEST_HOST = "$(BUILT_PRODUCTS_DIR)/XSTimerCardView.app/XSTimerCardView";
			};
			name = Debug;
		};
		84A4096225C15A8700F85AEA /* Release */ = {
			isa = XCBuildConfiguration;
			buildSettings = {
				BUNDLE_LOADER = "$(TEST_HOST)";
				CODE_SIGN_STYLE = Automatic;
				INFOPLIST_FILE = XSTimerCardViewTests/Info.plist;
				IPHONEOS_DEPLOYMENT_TARGET = 14.3;
				LD_RUNPATH_SEARCH_PATHS = (
					"$(inherited)",
					"@executable_path/Frameworks",
					"@loader_path/Frameworks",
				);
				PRODUCT_BUNDLE_IDENTIFIER = xinsun.XSTimerCardViewTests;
				PRODUCT_NAME = "$(TARGET_NAME)";
				TARGETED_DEVICE_FAMILY = "1,2";
				TEST_HOST = "$(BUILT_PRODUCTS_DIR)/XSTimerCardView.app/XSTimerCardView";
			};
			name = Release;
		};
		84A4096425C15A8700F85AEA /* Debug */ = {
			isa = XCBuildConfiguration;
			buildSettings = {
				CODE_SIGN_STYLE = Automatic;
				INFOPLIST_FILE = XSTimerCardViewUITests/Info.plist;
				LD_RUNPATH_SEARCH_PATHS = (
					"$(inherited)",
					"@executable_path/Frameworks",
					"@loader_path/Frameworks",
				);
				PRODUCT_BUNDLE_IDENTIFIER = xinsun.XSTimerCardViewUITests;
				PRODUCT_NAME = "$(TARGET_NAME)";
				TARGETED_DEVICE_FAMILY = "1,2";
				TEST_TARGET_NAME = XSTimerCardView;
			};
			name = Debug;
		};
		84A4096525C15A8700F85AEA /* Release */ = {
			isa = XCBuildConfiguration;
			buildSettings = {
				CODE_SIGN_STYLE = Automatic;
				INFOPLIST_FILE = XSTimerCardViewUITests/Info.plist;
				LD_RUNPATH_SEARCH_PATHS = (
					"$(inherited)",
					"@executable_path/Frameworks",
					"@loader_path/Frameworks",
				);
				PRODUCT_BUNDLE_IDENTIFIER = xinsun.XSTimerCardViewUITests;
				PRODUCT_NAME = "$(TARGET_NAME)";
				TARGETED_DEVICE_FAMILY = "1,2";
				TEST_TARGET_NAME = XSTimerCardView;
			};
			name = Release;
		};
/* End XCBuildConfiguration section */

/* Begin XCConfigurationList section */
		84A4092925C15A8500F85AEA /* Build configuration list for PBXProject "XSTimerCardView" */ = {
			isa = XCConfigurationList;
			buildConfigurations = (
				84A4095B25C15A8700F85AEA /* Debug */,
				84A4095C25C15A8700F85AEA /* Release */,
			);
			defaultConfigurationIsVisible = 0;
			defaultConfigurationName = Release;
		};
		84A4095D25C15A8700F85AEA /* Build configuration list for PBXNativeTarget "XSTimerCardView" */ = {
			isa = XCConfigurationList;
			buildConfigurations = (
				84A4095E25C15A8700F85AEA /* Debug */,
				84A4095F25C15A8700F85AEA /* Release */,
			);
			defaultConfigurationIsVisible = 0;
			defaultConfigurationName = Release;
		};
		84A4096025C15A8700F85AEA /* Build configuration list for PBXNativeTarget "XSTimerCardViewTests" */ = {
			isa = XCConfigurationList;
			buildConfigurations = (
				84A4096125C15A8700F85AEA /* Debug */,
				84A4096225C15A8700F85AEA /* Release */,
			);
			defaultConfigurationIsVisible = 0;
			defaultConfigurationName = Release;
		};
		84A4096325C15A8700F85AEA /* Build configuration list for PBXNativeTarget "XSTimerCardViewUITests" */ = {
			isa = XCConfigurationList;
			buildConfigurations = (
				84A4096425C15A8700F85AEA /* Debug */,
				84A4096525C15A8700F85AEA /* Release */,
			);
			defaultConfigurationIsVisible = 0;
			defaultConfigurationName = Release;
		};
/* End XCConfigurationList section */
	};
	rootObject = 84A4092625C15A8500F85AEA /* Project object */;
}
